
Microsoft Visual Studio Solution File, Format Version 12.00
# Visual Studio Version 17
VisualStudioVersion = 17.6.33815.320
MinimumVisualStudioVersion = 10.0.40219.1
Project("{8BC9CEB8-8B4A-11D0-8D11-00A0C91BC942}") = "homework2", "homework2\homework2.vcxproj", "{97CDCD31-6BB9-4DE2-9B49-FB59FD633F0F}"
EndProject
Global
	GlobalSection(SolutionConfigurationPlatforms) = preSolution
		Debug|x64 = Debug|x64
		Debug|x86 = Debug|x86
		Release|x64 = Release|x64
		Release|x86 = Release|x86
	EndGlobalSection
	GlobalSection(ProjectConfigurationPlatforms) = postSolution
		{97CDCD31-6BB9-4DE2-9B49-FB59FD633F0F}.Debug|x64.ActiveCfg = Debug|x64
		{97CDCD31-6BB9-4DE2-9B49-FB59FD633F0F}.Debug|x64.Build.0 = Debug|x64
		{97CDCD31-6BB9-4DE2-9B49-FB59FD633F0F}.Debug|x86.ActiveCfg = Debug|Win32
		{97CDCD31-6BB9-4DE2-9B49-FB59FD633F0F}.Debug|x86.Build.0 = Debug|Win32
		{97CDCD31-6BB9-4DE2-9B49-FB59FD633F0F}.Release|x64.ActiveCfg = Release|x64
		{97CDCD31-6BB9-4DE2-9B49-FB59FD633F0F}.Release|x64.Build.0 = Release|x64
		{97CDCD31-6BB9-4DE2-9B49-FB59FD633F0F}.Release|x86.ActiveCfg = Release|Win32
		{97CDCD31-6BB9-4DE2-9B49-FB59FD633F0F}.Release|x86.Build.0 = Release|Win32
	EndGlobalSection
	GlobalSection(SolutionProperties) = preSolution
		HideSolutionNode = FALSE
	EndGlobalSection
	GlobalSection(ExtensibilityGlobals) = postSolution
		SolutionGuid = {086B2B1B-65EF-4009-AAC7-875940AD5656}
	EndGlobalSection
EndGlobal
