
Microsoft Visual Studio Solution File, Format Version 12.00
# Visual Studio Version 17
VisualStudioVersion = 17.6.33815.320
MinimumVisualStudioVersion = 10.0.40219.1
Project("{8BC9CEB8-8B4A-11D0-8D11-00A0C91BC942}") = "Practicum1", "Practicum1\Practicum1.vcxproj", "{84744429-B1AD-4FA6-80EF-AE58701AFD48}"
EndProject
Global
	GlobalSection(SolutionConfigurationPlatforms) = preSolution
		Debug|x64 = Debug|x64
		Debug|x86 = Debug|x86
		Release|x64 = Release|x64
		Release|x86 = Release|x86
	EndGlobalSection
	GlobalSection(ProjectConfigurationPlatforms) = postSolution
		{84744429-B1AD-4FA6-80EF-AE58701AFD48}.Debug|x64.ActiveCfg = Debug|x64
		{84744429-B1AD-4FA6-80EF-AE58701AFD48}.Debug|x64.Build.0 = Debug|x64
		{84744429-B1AD-4FA6-80EF-AE58701AFD48}.Debug|x86.ActiveCfg = Debug|Win32
		{84744429-B1AD-4FA6-80EF-AE58701AFD48}.Debug|x86.Build.0 = Debug|Win32
		{84744429-B1AD-4FA6-80EF-AE58701AFD48}.Release|x64.ActiveCfg = Release|x64
		{84744429-B1AD-4FA6-80EF-AE58701AFD48}.Release|x64.Build.0 = Release|x64
		{84744429-B1AD-4FA6-80EF-AE58701AFD48}.Release|x86.ActiveCfg = Release|Win32
		{84744429-B1AD-4FA6-80EF-AE58701AFD48}.Release|x86.Build.0 = Release|Win32
	EndGlobalSection
	GlobalSection(SolutionProperties) = preSolution
		HideSolutionNode = FALSE
	EndGlobalSection
	GlobalSection(ExtensibilityGlobals) = postSolution
		SolutionGuid = {D57241CB-61FE-4779-B86E-35BF9395D6E2}
	EndGlobalSection
EndGlobal
